
Microsoft Visual Studio Solution File, Format Version 12.00
# Visual Studio 15
Project("{FAE04EC0-301F-11D3-BF4B-00C04F79EFBC}") = "Production_v1.00", "Production_v1.00.csproj", "{6AA0DB39-3C56-3EEA-6226-E8BF0F8550CC}"
EndProject
Project("{FAE04EC0-301F-11D3-BF4B-00C04F79EFBC}") = "Production_v1.00.Player", "Production_v1.00.Player.csproj", "{BF69E87E-B445-5F48-08D5-E79F06F360D6}"
EndProject
Global
	GlobalSection(SolutionConfigurationPlatforms) = preSolution
		Debug|Any CPU = Debug|Any CPU
		Release|Any CPU = Release|Any CPU
	EndGlobalSection
	GlobalSection(ProjectConfigurationPlatforms) = postSolution
		{6AA0DB39-3C56-3EEA-6226-E8BF0F8550CC}.Debug|Any CPU.ActiveCfg = Debug|Any CPU
		{6AA0DB39-3C56-3EEA-6226-E8BF0F8550CC}.Debug|Any CPU.Build.0 = Debug|Any CPU
		{6AA0DB39-3C56-3EEA-6226-E8BF0F8550CC}.Release|Any CPU.ActiveCfg = Release|Any CPU
		{6AA0DB39-3C56-3EEA-6226-E8BF0F8550CC}.Release|Any CPU.Build.0 = Release|Any CPU
		{BF69E87E-B445-5F48-08D5-E79F06F360D6}.Debug|Any CPU.ActiveCfg = Debug|Any CPU
		{BF69E87E-B445-5F48-08D5-E79F06F360D6}.Debug|Any CPU.Build.0 = Debug|Any CPU
		{BF69E87E-B445-5F48-08D5-E79F06F360D6}.Release|Any CPU.ActiveCfg = Release|Any CPU
		{BF69E87E-B445-5F48-08D5-E79F06F360D6}.Release|Any CPU.Build.0 = Release|Any CPU
	EndGlobalSection
	GlobalSection(SolutionProperties) = preSolution
		HideSolutionNode = FALSE
	EndGlobalSection
EndGlobal
